// !$*UTF8*$!
{
	archiveVersion = 1;
	classes = {
	};
	objectVersion = 48;
	objects = {

/* Begin PBXBuildFile section */
		15CEE91E20ABE30B0071B89D /* AppDelegate.m in Sources */ = {isa = PBXBuildFile; fileRef = 15CEE91D20ABE30B0071B89D /* AppDelegate.m */; };
		15CEE92120ABE30B0071B89D /* ViewController.m in Sources */ = {isa = PBXBuildFile; fileRef = 15CEE92020ABE30B0071B89D /* ViewController.m */; };
		15CEE92420ABE30B0071B89D /* Main.storyboard in Resources */ = {isa = PBXBuildFile; fileRef = 15CEE92220ABE30B0071B89D /* Main.storyboard */; };
		15CEE92620ABE30B0071B89D /* Assets.xcassets in Resources */ = {isa = PBXBuildFile; fileRef = 15CEE92520ABE30B0071B89D /* Assets.xcassets */; };
		15CEE92920ABE30B0071B89D /* LaunchScreen.storyboard in Resources */ = {isa = PBXBuildFile; fileRef = 15CEE92720ABE30B0071B89D /* LaunchScreen.storyboard */; };
		15CEE92C20ABE30B0071B89D /* main.m in Sources */ = {isa = PBXBuildFile; fileRef = 15CEE92B20ABE30B0071B89D /* main.m */; };
		15CEE93620ABE30B0071B89D /* FaceDemoTests.m in Sources */ = {isa = PBXBuildFile; fileRef = 15CEE93520ABE30B0071B89D /* FaceDemoTests.m */; };
		15CEE94120ABE30B0071B89D /* FaceDemoUITests.m in Sources */ = {isa = PBXBuildFile; fileRef = 15CEE94020ABE30B0071B89D /* FaceDemoUITests.m */; };
/* End PBXBuildFile section */

/* Begin PBXContainerItemProxy section */
		15CEE93220ABE30B0071B89D /* PBXContainerItemProxy */ = {
			isa = PBXContainerItemProxy;
			containerPortal = 15CEE91120ABE30B0071B89D /* Project object */;
			proxyType = 1;
			remoteGlobalIDString = 15CEE91820ABE30B0071B89D;
			remoteInfo = FaceDemo;
		};
		15CEE93D20ABE30B0071B89D /* PBXContainerItemProxy */ = {
			isa = PBXContainerItemProxy;
			containerPortal = 15CEE91120ABE30B0071B89D /* Project object */;
			proxyType = 1;
			remoteGlobalIDString = 15CEE91820ABE30B0071B89D;
			remoteInfo = FaceDemo;
		};
/* End PBXContainerItemProxy section */

/* Begin PBXFileReference section */
		15CEE91920ABE30B0071B89D /* FaceDemo.app */ = {isa = PBXFileReference; explicitFileType = wrapper.application; includeInIndex = 0; path = FaceDemo.app; sourceTree = BUILT_PRODUCTS_DIR; };
		15CEE91C20ABE30B0071B89D /* AppDelegate.h */ = {isa = PBXFileReference; lastKnownFileType = sourcecode.c.h; path = AppDelegate.h; sourceTree = "<group>"; };
		15CEE91D20ABE30B0071B89D /* AppDelegate.m */ = {isa = PBXFileReference; lastKnownFileType = sourcecode.c.objc; path = AppDelegate.m; sourceTree = "<group>"; };
		15CEE91F20ABE30B0071B89D /* ViewController.h */ = {isa = PBXFileReference; lastKnownFileType = sourcecode.c.h; path = ViewController.h; sourceTree = "<group>"; };
		15CEE92020ABE30B0071B89D /* ViewController.m */ = {isa = PBXFileReference; lastKnownFileType = sourcecode.c.objc; path = ViewController.m; sourceTree = "<group>"; };
		15CEE92320ABE30B0071B89D /* Base */ = {isa = PBXFileReference; lastKnownFileType = file.storyboard; name = Base; path = Base.lproj/Main.storyboard; sourceTree = "<group>"; };
		15CEE92520ABE30B0071B89D /* Assets.xcassets */ = {isa = PBXFileReference; lastKnownFileType = folder.assetcatalog; path = Assets.xcassets; sourceTree = "<group>"; };
		15CEE92820ABE30B0071B89D /* Base */ = {isa = PBXFileReference; lastKnownFileType = file.storyboard; name = Base; path = Base.lproj/LaunchScreen.storyboard; sourceTree = "<group>"; };
		15CEE92A20ABE30B0071B89D /* Info.plist */ = {isa = PBXFileReference; lastKnownFileType = text.plist.xml; path = Info.plist; sourceTree = "<group>"; };
		15CEE92B20ABE30B0071B89D /* main.m */ = {isa = PBXFileReference; lastKnownFileType = sourcecode.c.objc; path = main.m; sourceTree = "<group>"; };
		15CEE93120ABE30B0071B89D /* FaceDemoTests.xctest */ = {isa = PBXFileReference; explicitFileType = wrapper.cfbundle; includeInIndex = 0; path = FaceDemoTests.xctest; sourceTree = BUILT_PRODUCTS_DIR; };
		15CEE93520ABE30B0071B89D /* FaceDemoTests.m */ = {isa = PBXFileReference; lastKnownFileType = sourcecode.c.objc; path = FaceDemoTests.m; sourceTree = "<group>"; };
		15CEE93720ABE30B0071B89D /* Info.plist */ = {isa = PBXFileReference; lastKnownFileType = text.plist.xml; path = Info.plist; sourceTree = "<group>"; };
		15CEE93C20ABE30B0071B89D /* FaceDemoUITests.xctest */ = {isa = PBXFileReference; explicitFileType = wrapper.cfbundle; includeInIndex = 0; path = FaceDemoUITests.xctest; sourceTree = BUILT_PRODUCTS_DIR; };
		15CEE94020ABE30B0071B89D /* FaceDemoUITests.m */ = {isa = PBXFileReference; lastKnownFileType = sourcecode.c.objc; path = FaceDemoUITests.m; sourceTree = "<group>"; };
		15CEE94220ABE30B0071B89D /* Info.plist */ = {isa = PBXFileReference; lastKnownFileType = text.plist.xml; path = Info.plist; sourceTree = "<group>"; };
/* End PBXFileReference section */

/* Begin PBXFrameworksBuildPhase section */
		15CEE91620ABE30B0071B89D /* Frameworks */ = {
			isa = PBXFrameworksBuildPhase;
			buildActionMask = 2147483647;
			files = (
			);
			runOnlyForDeploymentPostprocessing = 0;
		};
		15CEE92E20ABE30B0071B89D /* Frameworks */ = {
			isa = PBXFrameworksBuildPhase;
			buildActionMask = 2147483647;
			files = (
			);
			runOnlyForDeploymentPostprocessing = 0;
		};
		15CEE93920ABE30B0071B89D /* Frameworks */ = {
			isa = PBXFrameworksBuildPhase;
			buildActionMask = 2147483647;
			files = (
			);
			runOnlyForDeploymentPostprocessing = 0;
		};
/* End PBXFrameworksBuildPhase section */

/* Begin PBXGroup section */
		15CEE91020ABE30B0071B89D = {
			isa = PBXGroup;
			children = (
				15CEE91B20ABE30B0071B89D /* FaceDemo */,
				15CEE93420ABE30B0071B89D /* FaceDemoTests */,
				15CEE93F20ABE30B0071B89D /* FaceDemoUITests */,
				15CEE91A20ABE30B0071B89D /* Products */,
			);
			sourceTree = "<group>";
		};
		15CEE91A20ABE30B0071B89D /* Products */ = {
			isa = PBXGroup;
			children = (
				15CEE91920ABE30B0071B89D /* FaceDemo.app */,
				15CEE93120ABE30B0071B89D /* FaceDemoTests.xctest */,
				15CEE93C20ABE30B0071B89D /* FaceDemoUITests.xctest */,
			);
			name = Products;
			sourceTree = "<group>";
		};
		15CEE91B20ABE30B0071B89D /* FaceDemo */ = {
			isa = PBXGroup;
			children = (
				15CEE91C20ABE30B0071B89D /* AppDelegate.h */,
				15CEE91D20ABE30B0071B89D /* AppDelegate.m */,
				15CEE91F20ABE30B0071B89D /* ViewController.h */,
				15CEE92020ABE30B0071B89D /* ViewController.m */,
				15CEE92220ABE30B0071B89D /* Main.storyboard */,
				15CEE92520ABE30B0071B89D /* Assets.xcassets */,
				15CEE92720ABE30B0071B89D /* LaunchScreen.storyboard */,
				15CEE92A20ABE30B0071B89D /* Info.plist */,
				15CEE92B20ABE30B0071B89D /* main.m */,
			);
			path = FaceDemo;
			sourceTree = "<group>";
		};
		15CEE93420ABE30B0071B89D /* FaceDemoTests */ = {
			isa = PBXGroup;
			children = (
				15CEE93520ABE30B0071B89D /* FaceDemoTests.m */,
				15CEE93720ABE30B0071B89D /* Info.plist */,
			);
			path = FaceDemoTests;
			sourceTree = "<group>";
		};
		15CEE93F20ABE30B0071B89D /* FaceDemoUITests */ = {
			isa = PBXGroup;
			children = (
				15CEE94020ABE30B0071B89D /* FaceDemoUITests.m */,
				15CEE94220ABE30B0071B89D /* Info.plist */,
			);
			path = FaceDemoUITests;
			sourceTree = "<group>";
		};
/* End PBXGroup section */

/* Begin PBXNativeTarget section */
		15CEE91820ABE30B0071B89D /* FaceDemo */ = {
			isa = PBXNativeTarget;
			buildConfigurationList = 15CEE94520ABE30B0071B89D /* Build configuration list for PBXNativeTarget "FaceDemo" */;
			buildPhases = (
				15CEE91520ABE30B0071B89D /* Sources */,
				15CEE91620ABE30B0071B89D /* Frameworks */,
				15CEE91720ABE30B0071B89D /* Resources */,
			);
			buildRules = (
			);
			dependencies = (
			);
			name = FaceDemo;
			productName = FaceDemo;
			productReference = 15CEE91920ABE30B0071B89D /* FaceDemo.app */;
			productType = "com.apple.product-type.application";
		};
		15CEE93020ABE30B0071B89D /* FaceDemoTests */ = {
			isa = PBXNativeTarget;
			buildConfigurationList = 15CEE94820ABE30B0071B89D /* Build configuration list for PBXNativeTarget "FaceDemoTests" */;
			buildPhases = (
				15CEE92D20ABE30B0071B89D /* Sources */,
				15CEE92E20ABE30B0071B89D /* Frameworks */,
				15CEE92F20ABE30B0071B89D /* Resources */,
			);
			buildRules = (
			);
			dependencies = (
				15CEE93320ABE30B0071B89D /* PBXTargetDependency */,
			);
			name = FaceDemoTests;
			productName = FaceDemoTests;
			productReference = 15CEE93120ABE30B0071B89D /* FaceDemoTests.xctest */;
			productType = "com.apple.product-type.bundle.unit-test";
		};
		15CEE93B20ABE30B0071B89D /* FaceDemoUITests */ = {
			isa = PBXNativeTarget;
			buildConfigurationList = 15CEE94B20ABE30B0071B89D /* Build configuration list for PBXNativeTarget "FaceDemoUITests" */;
			buildPhases = (
				15CEE93820ABE30B0071B89D /* Sources */,
				15CEE93920ABE30B0071B89D /* Frameworks */,
				15CEE93A20ABE30B0071B89D /* Resources */,
			);
			buildRules = (
			);
			dependencies = (
				15CEE93E20ABE30B0071B89D /* PBXTargetDependency */,
			);
			name = FaceDemoUITests;
			productName = FaceDemoUITests;
			productReference = 15CEE93C20ABE30B0071B89D /* FaceDemoUITests.xctest */;
			productType = "com.apple.product-type.bundle.ui-testing";
		};
/* End PBXNativeTarget section */

/* Begin PBXProject section */
		15CEE91120ABE30B0071B89D /* Project object */ = {
			isa = PBXProject;
			attributes = {
				LastUpgradeCheck = 0920;
				ORGANIZATIONNAME = ifenghui;
				TargetAttributes = {
					15CEE91820ABE30B0071B89D = {
						CreatedOnToolsVersion = 9.2;
						ProvisioningStyle = Automatic;
					};
					15CEE93020ABE30B0071B89D = {
						CreatedOnToolsVersion = 9.2;
						ProvisioningStyle = Automatic;
						TestTargetID = 15CEE91820ABE30B0071B89D;
					};
					15CEE93B20ABE30B0071B89D = {
						CreatedOnToolsVersion = 9.2;
						ProvisioningStyle = Automatic;
						TestTargetID = 15CEE91820ABE30B0071B89D;
					};
				};
			};
			buildConfigurationList = 15CEE91420ABE30B0071B89D /* Build configuration list for PBXProject "FaceDemo" */;
			compatibilityVersion = "Xcode 8.0";
			developmentRegion = en;
			hasScannedForEncodings = 0;
			knownRegions = (
				en,
				Base,
			);
			mainGroup = 15CEE91020ABE30B0071B89D;
			productRefGroup = 15CEE91A20ABE30B0071B89D /* Products */;
			projectDirPath = "";
			projectRoot = "";
			targets = (
				15CEE91820ABE30B0071B89D /* FaceDemo */,
				15CEE93020ABE30B0071B89D /* FaceDemoTests */,
				15CEE93B20ABE30B0071B89D /* FaceDemoUITests */,
			);
		};
/* End PBXProject section */

/* Begin PBXResourcesBuildPhase section */
		15CEE91720ABE30B0071B89D /* Resources */ = {
			isa = PBXResourcesBuildPhase;
			buildActionMask = 2147483647;
			files = (
				15CEE92920ABE30B0071B89D /* LaunchScreen.storyboard in Resources */,
				15CEE92620ABE30B0071B89D /* Assets.xcassets in Resources */,
				15CEE92420ABE30B0071B89D /* Main.storyboard in Resources */,
			);
			runOnlyForDeploymentPostprocessing = 0;
		};
		15CEE92F20ABE30B0071B89D /* Resources */ = {
			isa = PBXResourcesBuildPhase;
			buildActionMask = 2147483647;
			files = (
			);
			runOnlyForDeploymentPostprocessing = 0;
		};
		15CEE93A20ABE30B0071B89D /* Resources */ = {
			isa = PBXResourcesBuildPhase;
			buildActionMask = 2147483647;
			files = (
			);
			runOnlyForDeploymentPostprocessing = 0;
		};
/* End PBXResourcesBuildPhase section */

/* Begin PBXSourcesBuildPhase section */
		15CEE91520ABE30B0071B89D /* Sources */ = {
			isa = PBXSourcesBuildPhase;
			buildActionMask = 2147483647;
			files = (
				15CEE92120ABE30B0071B89D /* ViewController.m in Sources */,
				15CEE92C20ABE30B0071B89D /* main.m in Sources */,
				15CEE91E20ABE30B0071B89D /* AppDelegate.m in Sources */,
			);
			runOnlyForDeploymentPostprocessing = 0;
		};
		15CEE92D20ABE30B0071B89D /* Sources */ = {
			isa = PBXSourcesBuildPhase;
			buildActionMask = 2147483647;
			files = (
				15CEE93620ABE30B0071B89D /* FaceDemoTests.m in Sources */,
			);
			runOnlyForDeploymentPostprocessing = 0;
		};
		15CEE93820ABE30B0071B89D /* Sources */ = {
			isa = PBXSourcesBuildPhase;
			buildActionMask = 2147483647;
			files = (
				15CEE94120ABE30B0071B89D /* FaceDemoUITests.m in Sources */,
			);
			runOnlyForDeploymentPostprocessing = 0;
		};
/* End PBXSourcesBuildPhase section */

/* Begin PBXTargetDependency section */
		15CEE93320ABE30B0071B89D /* PBXTargetDependency */ = {
			isa = PBXTargetDependency;
			target = 15CEE91820ABE30B0071B89D /* FaceDemo */;
			targetProxy = 15CEE93220ABE30B0071B89D /* PBXContainerItemProxy */;
		};
		15CEE93E20ABE30B0071B89D /* PBXTargetDependency */ = {
			isa = PBXTargetDependency;
			target = 15CEE91820ABE30B0071B89D /* FaceDemo */;
			targetProxy = 15CEE93D20ABE30B0071B89D /* PBXContainerItemProxy */;
		};
/* End PBXTargetDependency section */

/* Begin PBXVariantGroup section */
		15CEE92220ABE30B0071B89D /* Main.storyboard */ = {
			isa = PBXVariantGroup;
			children = (
				15CEE92320ABE30B0071B89D /* Base */,
			);
			name = Main.storyboard;
			sourceTree = "<group>";
		};
		15CEE92720ABE30B0071B89D /* LaunchScreen.storyboard */ = {
			isa = PBXVariantGroup;
			children = (
				15CEE92820ABE30B0071B89D /* Base */,
			);
			name = LaunchScreen.storyboard;
			sourceTree = "<group>";
		};
/* End PBXVariantGroup section */

/* Begin XCBuildConfiguration section */
		15CEE94320ABE30B0071B89D /* Debug */ = {
			isa = XCBuildConfiguration;
			buildSettings = {
				ALWAYS_SEARCH_USER_PATHS = NO;
				CLANG_ANALYZER_NONNULL = YES;
				CLANG_ANALYZER_NUMBER_OBJECT_CONVERSION = YES_AGGRESSIVE;
				CLANG_CXX_LANGUAGE_STANDARD = "gnu++14";
				CLANG_CXX_LIBRARY = "libc++";
				CLANG_ENABLE_MODULES = YES;
				CLANG_ENABLE_OBJC_ARC = YES;
				CLANG_WARN_BLOCK_CAPTURE_AUTORELEASING = YES;
				CLANG_WARN_BOOL_CONVERSION = YES;
				CLANG_WARN_COMMA = YES;
				CLANG_WARN_CONSTANT_CONVERSION = YES;
				CLANG_WARN_DIRECT_OBJC_ISA_USAGE = YES_ERROR;
				CLANG_WARN_DOCUMENTATION_COMMENTS = YES;
				CLANG_WARN_EMPTY_BODY = YES;
				CLANG_WARN_ENUM_CONVERSION = YES;
				CLANG_WARN_INFINITE_RECURSION = YES;
				CLANG_WARN_INT_CONVERSION = YES;
				CLANG_WARN_NON_LITERAL_NULL_CONVERSION = YES;
				CLANG_WARN_OBJC_LITERAL_CONVERSION = YES;
				CLANG_WARN_OBJC_ROOT_CLASS = YES_ERROR;
				CLANG_WARN_RANGE_LOOP_ANALYSIS = YES;
				CLANG_WARN_STRICT_PROTOTYPES = YES;
				CLANG_WARN_SUSPICIOUS_MOVE = YES;
				CLANG_WARN_UNGUARDED_AVAILABILITY = YES_AGGRESSIVE;
				CLANG_WARN_UNREACHABLE_CODE = YES;
				CLANG_WARN__DUPLICATE_METHOD_MATCH = YES;
				CODE_SIGN_IDENTITY = "iPhone Developer";
				COPY_PHASE_STRIP = NO;
				DEBUG_INFORMATION_FORMAT = dwarf;
				ENABLE_STRICT_OBJC_MSGSEND = YES;
				ENABLE_TESTABILITY = YES;
				GCC_C_LANGUAGE_STANDARD = gnu11;
				GCC_DYNAMIC_NO_PIC = NO;
				GCC_NO_COMMON_BLOCKS = YES;
				GCC_OPTIMIZATION_LEVEL = 0;
				GCC_PREPROCESSOR_DEFINITIONS = (
					"DEBUG=1",
					"$(inherited)",
				);
				GCC_WARN_64_TO_32_BIT_CONVERSION = YES;
				GCC_WARN_ABOUT_RETURN_TYPE = YES_ERROR;
				GCC_WARN_UNDECLARED_SELECTOR = YES;
				GCC_WARN_UNINITIALIZED_AUTOS = YES_AGGRESSIVE;
				GCC_WARN_UNUSED_FUNCTION = YES;
				GCC_WARN_UNUSED_VARIABLE = YES;
				IPHONEOS_DEPLOYMENT_TARGET = 11.2;
				MTL_ENABLE_DEBUG_INFO = YES;
				ONLY_ACTIVE_ARCH = YES;
				SDKROOT = iphoneos;
			};
			name = Debug;
		};
		15CEE94420ABE30B0071B89D /* Release */ = {
			isa = XCBuildConfiguration;
			buildSettings = {
				ALWAYS_SEARCH_USER_PATHS = NO;
				CLANG_ANALYZER_NONNULL = YES;
				CLANG_ANALYZER_NUMBER_OBJECT_CONVERSION = YES_AGGRESSIVE;
				CLANG_CXX_LANGUAGE_STANDARD = "gnu++14";
				CLANG_CXX_LIBRARY = "libc++";
				CLANG_ENABLE_MODULES = YES;
				CLANG_ENABLE_OBJC_ARC = YES;
				CLANG_WARN_BLOCK_CAPTURE_AUTORELEASING = YES;
				CLANG_WARN_BOOL_CONVERSION = YES;
				CLANG_WARN_COMMA = YES;
				CLANG_WARN_CONSTANT_CONVERSION = YES;
				CLANG_WARN_DIRECT_OBJC_ISA_USAGE = YES_ERROR;
				CLANG_WARN_DOCUMENTATION_COMMENTS = YES;
				CLANG_WARN_EMPTY_BODY = YES;
				CLANG_WARN_ENUM_CONVERSION = YES;
				CLANG_WARN_INFINITE_RECURSION = YES;
				CLANG_WARN_INT_CONVERSION = YES;
				CLANG_WARN_NON_LITERAL_NULL_CONVERSION = YES;
				CLANG_WARN_OBJC_LITERAL_CONVERSION = YES;
				CLANG_WARN_OBJC_ROOT_CLASS = YES_ERROR;
				CLANG_WARN_RANGE_LOOP_ANALYSIS = YES;
				CLANG_WARN_STRICT_PROTOTYPES = YES;
				CLANG_WARN_SUSPICIOUS_MOVE = YES;
				CLANG_WARN_UNGUARDED_AVAILABILITY = YES_AGGRESSIVE;
				CLANG_WARN_UNREACHABLE_CODE = YES;
				CLANG_WARN__DUPLICATE_METHOD_MATCH = YES;
				CODE_SIGN_IDENTITY = "iPhone Developer";
				COPY_PHASE_STRIP = NO;
				DEBUG_INFORMATION_FORMAT = "dwarf-with-dsym";
				ENABLE_NS_ASSERTIONS = NO;
				ENABLE_STRICT_OBJC_MSGSEND = YES;
				GCC_C_LANGUAGE_STANDARD = gnu11;
				GCC_NO_COMMON_BLOCKS = YES;
				GCC_WARN_64_TO_32_BIT_CONVERSION = YES;
				GCC_WARN_ABOUT_RETURN_TYPE = YES_ERROR;
				GCC_WARN_UNDECLARED_SELECTOR = YES;
				GCC_WARN_UNINITIALIZED_AUTOS = YES_AGGRESSIVE;
				GCC_WARN_UNUSED_FUNCTION = YES;
				GCC_WARN_UNUSED_VARIABLE = YES;
				IPHONEOS_DEPLOYMENT_TARGET = 11.2;
				MTL_ENABLE_DEBUG_INFO = NO;
				SDKROOT = iphoneos;
				VALIDATE_PRODUCT = YES;
			};
			name = Release;
		};
		15CEE94620ABE30B0071B89D /* Debug */ = {
			isa = XCBuildConfiguration;
			buildSettings = {
				ASSETCATALOG_COMPILER_APPICON_NAME = AppIcon;
				CODE_SIGN_STYLE = Automatic;
				DEVELOPMENT_TEAM = C592BC3464;
				INFOPLIST_FILE = FaceDemo/Info.plist;
				LD_RUNPATH_SEARCH_PATHS = "$(inherited) @executable_path/Frameworks";
				PRODUCT_BUNDLE_IDENTIFIER = com.zhangfurun.FaceDemo;
				PRODUCT_NAME = "$(TARGET_NAME)";
				TARGETED_DEVICE_FAMILY = "1,2";
			};
			name = Debug;
		};
		15CEE94720ABE30B0071B89D /* Release */ = {
			isa = XCBuildConfiguration;
			buildSettings = {
				ASSETCATALOG_COMPILER_APPICON_NAME = AppIcon;
				CODE_SIGN_STYLE = Automatic;
				DEVELOPMENT_TEAM = C592BC3464;
				INFOPLIST_FILE = FaceDemo/Info.plist;
				LD_RUNPATH_SEARCH_PATHS = "$(inherited) @executable_path/Frameworks";
				PRODUCT_BUNDLE_IDENTIFIER = com.zhangfurun.FaceDemo;
				PRODUCT_NAME = "$(TARGET_NAME)";
				TARGETED_DEVICE_FAMILY = "1,2";
			};
			name = Release;
		};
		15CEE94920ABE30B0071B89D /* Debug */ = {
			isa = XCBuildConfiguration;
			buildSettings = {
				BUNDLE_LOADER = "$(TEST_HOST)";
				CODE_SIGN_STYLE = Automatic;
				DEVELOPMENT_TEAM = C592BC3464;
				INFOPLIST_FILE = FaceDemoTests/Info.plist;
				LD_RUNPATH_SEARCH_PATHS = "$(inherited) @executable_path/Frameworks @loader_path/Frameworks";
				PRODUCT_BUNDLE_IDENTIFIER = com.zhangfurun.FaceDemoTests;
				PRODUCT_NAME = "$(TARGET_NAME)";
				TARGETED_DEVICE_FAMILY = "1,2";
				TEST_HOST = "$(BUILT_PRODUCTS_DIR)/FaceDemo.app/FaceDemo";
			};
			name = Debug;
		};
		15CEE94A20ABE30B0071B89D /* Release */ = {
			isa = XCBuildConfiguration;
			buildSettings = {
				BUNDLE_LOADER = "$(TEST_HOST)";
				CODE_SIGN_STYLE = Automatic;
				DEVELOPMENT_TEAM = C592BC3464;
				INFOPLIST_FILE = FaceDemoTests/Info.plist;
				LD_RUNPATH_SEARCH_PATHS = "$(inherited) @executable_path/Frameworks @loader_path/Frameworks";
				PRODUCT_BUNDLE_IDENTIFIER = com.zhangfurun.FaceDemoTests;
				PRODUCT_NAME = "$(TARGET_NAME)";
				TARGETED_DEVICE_FAMILY = "1,2";
				TEST_HOST = "$(BUILT_PRODUCTS_DIR)/FaceDemo.app/FaceDemo";
			};
			name = Release;
		};
		15CEE94C20ABE30B0071B89D /* Debug */ = {
			isa = XCBuildConfiguration;
			buildSettings = {
				CODE_SIGN_STYLE = Automatic;
				DEVELOPMENT_TEAM = C592BC3464;
				INFOPLIST_FILE = FaceDemoUITests/Info.plist;
				LD_RUNPATH_SEARCH_PATHS = "$(inherited) @executable_path/Frameworks @loader_path/Frameworks";
				PRODUCT_BUNDLE_IDENTIFIER = com.zhangfurun.FaceDemoUITests;
				PRODUCT_NAME = "$(TARGET_NAME)";
				TARGETED_DEVICE_FAMILY = "1,2";
				TEST_TARGET_NAME = FaceDemo;
			};
			name = Debug;
		};
		15CEE94D20ABE30B0071B89D /* Release */ = {
			isa = XCBuildConfiguration;
			buildSettings = {
				CODE_SIGN_STYLE = Automatic;
				DEVELOPMENT_TEAM = C592BC3464;
				INFOPLIST_FILE = FaceDemoUITests/Info.plist;
				LD_RUNPATH_SEARCH_PATHS = "$(inherited) @executable_path/Frameworks @loader_path/Frameworks";
				PRODUCT_BUNDLE_IDENTIFIER = com.zhangfurun.FaceDemoUITests;
				PRODUCT_NAME = "$(TARGET_NAME)";
				TARGETED_DEVICE_FAMILY = "1,2";
				TEST_TARGET_NAME = FaceDemo;
			};
			name = Release;
		};
/* End XCBuildConfiguration section */

/* Begin XCConfigurationList section */
		15CEE91420ABE30B0071B89D /* Build configuration list for PBXProject "FaceDemo" */ = {
			isa = XCConfigurationList;
			buildConfigurations = (
				15CEE94320ABE30B0071B89D /* Debug */,
				15CEE94420ABE30B0071B89D /* Release */,
			);
			defaultConfigurationIsVisible = 0;
			defaultConfigurationName = Release;
		};
		15CEE94520ABE30B0071B89D /* Build configuration list for PBXNativeTarget "FaceDemo" */ = {
			isa = XCConfigurationList;
			buildConfigurations = (
				15CEE94620ABE30B0071B89D /* Debug */,
				15CEE94720ABE30B0071B89D /* Release */,
			);
			defaultConfigurationIsVisible = 0;
			defaultConfigurationName = Release;
		};
		15CEE94820ABE30B0071B89D /* Build configuration list for PBXNativeTarget "FaceDemoTests" */ = {
			isa = XCConfigurationList;
			buildConfigurations = (
				15CEE94920ABE30B0071B89D /* Debug */,
				15CEE94A20ABE30B0071B89D /* Release */,
			);
			defaultConfigurationIsVisible = 0;
			defaultConfigurationName = Release;
		};
		15CEE94B20ABE30B0071B89D /* Build configuration list for PBXNativeTarget "FaceDemoUITests" */ = {
			isa = XCConfigurationList;
			buildConfigurations = (
				15CEE94C20ABE30B0071B89D /* Debug */,
				15CEE94D20ABE30B0071B89D /* Release */,
			);
			defaultConfigurationIsVisible = 0;
			defaultConfigurationName = Release;
		};
/* End XCConfigurationList section */
	};
	rootObject = 15CEE91120ABE30B0071B89D /* Project object */;
}
